
Microsoft Visual Studio Solution File, Format Version 12.00
# Visual Studio 14
VisualStudioVersion = 14.0.25420.1
MinimumVisualStudioVersion = 10.0.40219.1
Project("{FAE04EC0-301F-11D3-BF4B-00C04F79EFBC}") = "TritonAPI", "TritonAssessment\TritonAPI.csproj", "{F63BD9E2-85B2-4B7C-B77F-006F926512B7}"
EndProject
Project("{FAE04EC0-301F-11D3-BF4B-00C04F79EFBC}") = "DataLayer", "DataLayer\DataLayer.csproj", "{84AC4A0A-D257-472D-9069-236482997440}"
EndProject
Project("{FAE04EC0-301F-11D3-BF4B-00C04F79EFBC}") = "BusinessLayer", "BusinessLayer\BusinessLayer.csproj", "{09C59AA2-9118-43ED-9F14-EC80780D0773}"
EndProject
Project("{FAE04EC0-301F-11D3-BF4B-00C04F79EFBC}") = "MvcFrontEnd", "MvcFrontEnd\MvcFrontEnd.csproj", "{194AB157-7AAF-42D8-898C-DE683553ED8C}"
EndProject
Global
	GlobalSection(SolutionConfigurationPlatforms) = preSolution
		Debug|Any CPU = Debug|Any CPU
		Release|Any CPU = Release|Any CPU
	EndGlobalSection
	GlobalSection(ProjectConfigurationPlatforms) = postSolution
		{F63BD9E2-85B2-4B7C-B77F-006F926512B7}.Debug|Any CPU.ActiveCfg = Debug|Any CPU
		{F63BD9E2-85B2-4B7C-B77F-006F926512B7}.Debug|Any CPU.Build.0 = Debug|Any CPU
		{F63BD9E2-85B2-4B7C-B77F-006F926512B7}.Release|Any CPU.ActiveCfg = Release|Any CPU
		{F63BD9E2-85B2-4B7C-B77F-006F926512B7}.Release|Any CPU.Build.0 = Release|Any CPU
		{84AC4A0A-D257-472D-9069-236482997440}.Debug|Any CPU.ActiveCfg = Debug|Any CPU
		{84AC4A0A-D257-472D-9069-236482997440}.Debug|Any CPU.Build.0 = Debug|Any CPU
		{84AC4A0A-D257-472D-9069-236482997440}.Release|Any CPU.ActiveCfg = Release|Any CPU
		{84AC4A0A-D257-472D-9069-236482997440}.Release|Any CPU.Build.0 = Release|Any CPU
		{09C59AA2-9118-43ED-9F14-EC80780D0773}.Debug|Any CPU.ActiveCfg = Debug|Any CPU
		{09C59AA2-9118-43ED-9F14-EC80780D0773}.Debug|Any CPU.Build.0 = Debug|Any CPU
		{09C59AA2-9118-43ED-9F14-EC80780D0773}.Release|Any CPU.ActiveCfg = Release|Any CPU
		{09C59AA2-9118-43ED-9F14-EC80780D0773}.Release|Any CPU.Build.0 = Release|Any CPU
		{194AB157-7AAF-42D8-898C-DE683553ED8C}.Debug|Any CPU.ActiveCfg = Debug|Any CPU
		{194AB157-7AAF-42D8-898C-DE683553ED8C}.Debug|Any CPU.Build.0 = Debug|Any CPU
		{194AB157-7AAF-42D8-898C-DE683553ED8C}.Release|Any CPU.ActiveCfg = Release|Any CPU
		{194AB157-7AAF-42D8-898C-DE683553ED8C}.Release|Any CPU.Build.0 = Release|Any CPU
	EndGlobalSection
	GlobalSection(SolutionProperties) = preSolution
		HideSolutionNode = FALSE
	EndGlobalSection
EndGlobal
